
Microsoft Visual Studio Solution File, Format Version 12.00
# Visual Studio 15
VisualStudioVersion = 15.0.26730.12
MinimumVisualStudioVersion = 10.0.40219.1
Project("{FAE04EC0-301F-11D3-BF4B-00C04F79EFBC}") = "SEOAnalyser", "SEOAnalyser\SEOAnalyser.csproj", "{9B315E53-1739-457C-B9E6-7D66838C452F}"
EndProject
Project("{FAE04EC0-301F-11D3-BF4B-00C04F79EFBC}") = "SEOAnalyser.UnitTests", "SEOAnalyser.UnitTests\SEOAnalyser.UnitTests.csproj", "{30D5381D-D425-45AD-9D8B-8B0A8B053E2F}"
EndProject
Global
	GlobalSection(SolutionConfigurationPlatforms) = preSolution
		Debug|Any CPU = Debug|Any CPU
		Release|Any CPU = Release|Any CPU
	EndGlobalSection
	GlobalSection(ProjectConfigurationPlatforms) = postSolution
		{9B315E53-1739-457C-B9E6-7D66838C452F}.Debug|Any CPU.ActiveCfg = Debug|Any CPU
		{9B315E53-1739-457C-B9E6-7D66838C452F}.Debug|Any CPU.Build.0 = Debug|Any CPU
		{9B315E53-1739-457C-B9E6-7D66838C452F}.Release|Any CPU.ActiveCfg = Release|Any CPU
		{9B315E53-1739-457C-B9E6-7D66838C452F}.Release|Any CPU.Build.0 = Release|Any CPU
		{30D5381D-D425-45AD-9D8B-8B0A8B053E2F}.Debug|Any CPU.ActiveCfg = Debug|Any CPU
		{30D5381D-D425-45AD-9D8B-8B0A8B053E2F}.Debug|Any CPU.Build.0 = Debug|Any CPU
		{30D5381D-D425-45AD-9D8B-8B0A8B053E2F}.Release|Any CPU.ActiveCfg = Release|Any CPU
		{30D5381D-D425-45AD-9D8B-8B0A8B053E2F}.Release|Any CPU.Build.0 = Release|Any CPU
	EndGlobalSection
	GlobalSection(SolutionProperties) = preSolution
		HideSolutionNode = FALSE
	EndGlobalSection
	GlobalSection(ExtensibilityGlobals) = postSolution
		SolutionGuid = {D69EB5C1-3CC7-44E0-A434-499B607BB3FA}
	EndGlobalSection
EndGlobal
